
Microsoft Visual Studio Solution File, Format Version 12.00
# Visual Studio Version 17
VisualStudioVersion = 17.7.34018.315
MinimumVisualStudioVersion = 10.0.40219.1
Project("{9A19103F-16F7-4668-BE54-9A1E7A4F7556}") = "sysacad", "sysacad.csproj", "{11274B81-E0D5-4CFD-A0F1-3B18FEBF38F6}"
EndProject
Project("{9A19103F-16F7-4668-BE54-9A1E7A4F7556}") = "biblioteca", "..\biblioteca\biblioteca.csproj", "{CCD283E6-2D76-4CA1-B144-7553532FD9D9}"
EndProject
Project("{9A19103F-16F7-4668-BE54-9A1E7A4F7556}") = "consolaCrearDB_Estudiantes", "..\consolaCrearDB_Estudiantes\consolaCrearDB_Estudiantes.csproj", "{CE7B9C6F-5D6C-4A87-8BC0-7C873FC3460A}"
EndProject
Project("{9A19103F-16F7-4668-BE54-9A1E7A4F7556}") = "consolaCrearAdmin", "..\consolaCrearAdmin\consolaCrearAdmin.csproj", "{12A7E3CB-95B0-49FE-BA50-5C4AA4B10853}"
EndProject
Project("{FAE04EC0-301F-11D3-BF4B-00C04F79EFBC}") = "consolaCrearDB_Cursos", "..\consolaCrearDB_Cursos\consolaCrearDB_Cursos.csproj", "{33D199EB-6452-4557-9E76-237019A29D16}"
EndProject
Global
	GlobalSection(SolutionConfigurationPlatforms) = preSolution
		Debug|Any CPU = Debug|Any CPU
		Release|Any CPU = Release|Any CPU
	EndGlobalSection
	GlobalSection(ProjectConfigurationPlatforms) = postSolution
		{11274B81-E0D5-4CFD-A0F1-3B18FEBF38F6}.Debug|Any CPU.ActiveCfg = Debug|Any CPU
		{11274B81-E0D5-4CFD-A0F1-3B18FEBF38F6}.Debug|Any CPU.Build.0 = Debug|Any CPU
		{11274B81-E0D5-4CFD-A0F1-3B18FEBF38F6}.Release|Any CPU.ActiveCfg = Release|Any CPU
		{11274B81-E0D5-4CFD-A0F1-3B18FEBF38F6}.Release|Any CPU.Build.0 = Release|Any CPU
		{CCD283E6-2D76-4CA1-B144-7553532FD9D9}.Debug|Any CPU.ActiveCfg = Debug|Any CPU
		{CCD283E6-2D76-4CA1-B144-7553532FD9D9}.Debug|Any CPU.Build.0 = Debug|Any CPU
		{CCD283E6-2D76-4CA1-B144-7553532FD9D9}.Release|Any CPU.ActiveCfg = Release|Any CPU
		{CCD283E6-2D76-4CA1-B144-7553532FD9D9}.Release|Any CPU.Build.0 = Release|Any CPU
		{CE7B9C6F-5D6C-4A87-8BC0-7C873FC3460A}.Debug|Any CPU.ActiveCfg = Debug|Any CPU
		{CE7B9C6F-5D6C-4A87-8BC0-7C873FC3460A}.Debug|Any CPU.Build.0 = Debug|Any CPU
		{CE7B9C6F-5D6C-4A87-8BC0-7C873FC3460A}.Release|Any CPU.ActiveCfg = Release|Any CPU
		{CE7B9C6F-5D6C-4A87-8BC0-7C873FC3460A}.Release|Any CPU.Build.0 = Release|Any CPU
		{12A7E3CB-95B0-49FE-BA50-5C4AA4B10853}.Debug|Any CPU.ActiveCfg = Debug|Any CPU
		{12A7E3CB-95B0-49FE-BA50-5C4AA4B10853}.Debug|Any CPU.Build.0 = Debug|Any CPU
		{12A7E3CB-95B0-49FE-BA50-5C4AA4B10853}.Release|Any CPU.ActiveCfg = Release|Any CPU
		{12A7E3CB-95B0-49FE-BA50-5C4AA4B10853}.Release|Any CPU.Build.0 = Release|Any CPU
		{33D199EB-6452-4557-9E76-237019A29D16}.Debug|Any CPU.ActiveCfg = Debug|Any CPU
		{33D199EB-6452-4557-9E76-237019A29D16}.Debug|Any CPU.Build.0 = Debug|Any CPU
		{33D199EB-6452-4557-9E76-237019A29D16}.Release|Any CPU.ActiveCfg = Release|Any CPU
		{33D199EB-6452-4557-9E76-237019A29D16}.Release|Any CPU.Build.0 = Release|Any CPU
	EndGlobalSection
	GlobalSection(SolutionProperties) = preSolution
		HideSolutionNode = FALSE
	EndGlobalSection
	GlobalSection(ExtensibilityGlobals) = postSolution
		SolutionGuid = {A6C40091-D870-437F-BCB6-4ECF0F723A9D}
	EndGlobalSection
EndGlobal
