
Microsoft Visual Studio Solution File, Format Version 12.00
# Visual Studio Version 17
VisualStudioVersion = 17.7.34018.315
MinimumVisualStudioVersion = 10.0.40219.1
Project("{9A19103F-16F7-4668-BE54-9A1E7A4F7556}") = "sysacad", "sysacad.csproj", "{11274B81-E0D5-4CFD-A0F1-3B18FEBF38F6}"
EndProject
Project("{9A19103F-16F7-4668-BE54-9A1E7A4F7556}") = "biblioteca", "..\biblioteca\biblioteca.csproj", "{CCD283E6-2D76-4CA1-B144-7553532FD9D9}"
EndProject
Project("{FAE04EC0-301F-11D3-BF4B-00C04F79EFBC}") = "ConsolaTests", "..\ConsolaTests\ConsolaTests.csproj", "{A58FA914-010D-4CB8-B444-2234157C8C6B}"
EndProject
Global
	GlobalSection(SolutionConfigurationPlatforms) = preSolution
		Debug|Any CPU = Debug|Any CPU
		Release|Any CPU = Release|Any CPU
	EndGlobalSection
	GlobalSection(ProjectConfigurationPlatforms) = postSolution
		{11274B81-E0D5-4CFD-A0F1-3B18FEBF38F6}.Debug|Any CPU.ActiveCfg = Debug|Any CPU
		{11274B81-E0D5-4CFD-A0F1-3B18FEBF38F6}.Debug|Any CPU.Build.0 = Debug|Any CPU
		{11274B81-E0D5-4CFD-A0F1-3B18FEBF38F6}.Release|Any CPU.ActiveCfg = Release|Any CPU
		{11274B81-E0D5-4CFD-A0F1-3B18FEBF38F6}.Release|Any CPU.Build.0 = Release|Any CPU
		{CCD283E6-2D76-4CA1-B144-7553532FD9D9}.Debug|Any CPU.ActiveCfg = Debug|Any CPU
		{CCD283E6-2D76-4CA1-B144-7553532FD9D9}.Debug|Any CPU.Build.0 = Debug|Any CPU
		{CCD283E6-2D76-4CA1-B144-7553532FD9D9}.Release|Any CPU.ActiveCfg = Release|Any CPU
		{CCD283E6-2D76-4CA1-B144-7553532FD9D9}.Release|Any CPU.Build.0 = Release|Any CPU
		{A58FA914-010D-4CB8-B444-2234157C8C6B}.Debug|Any CPU.ActiveCfg = Debug|Any CPU
		{A58FA914-010D-4CB8-B444-2234157C8C6B}.Debug|Any CPU.Build.0 = Debug|Any CPU
		{A58FA914-010D-4CB8-B444-2234157C8C6B}.Release|Any CPU.ActiveCfg = Release|Any CPU
		{A58FA914-010D-4CB8-B444-2234157C8C6B}.Release|Any CPU.Build.0 = Release|Any CPU
	EndGlobalSection
	GlobalSection(SolutionProperties) = preSolution
		HideSolutionNode = FALSE
	EndGlobalSection
	GlobalSection(ExtensibilityGlobals) = postSolution
		SolutionGuid = {A6C40091-D870-437F-BCB6-4ECF0F723A9D}
	EndGlobalSection
EndGlobal
